
Microsoft Visual Studio Solution File, Format Version 12.00
# Visual Studio Version 17
VisualStudioVersion = 17.10.35013.160
MinimumVisualStudioVersion = 10.0.40219.1
Project("{FAE04EC0-301F-11D3-BF4B-00C04F79EFBC}") = "ELibrary", "WebApplication1\ELibrary.csproj", "{FCA2D19C-E77E-4894-A115-A5E6A34451EA}"
EndProject
Global
	GlobalSection(SolutionConfigurationPlatforms) = preSolution
		Debug|Any CPU = Debug|Any CPU
		Release|Any CPU = Release|Any CPU
	EndGlobalSection
	GlobalSection(ProjectConfigurationPlatforms) = postSolution
		{FCA2D19C-E77E-4894-A115-A5E6A34451EA}.Debug|Any CPU.ActiveCfg = Debug|Any CPU
		{FCA2D19C-E77E-4894-A115-A5E6A34451EA}.Debug|Any CPU.Build.0 = Debug|Any CPU
		{FCA2D19C-E77E-4894-A115-A5E6A34451EA}.Release|Any CPU.ActiveCfg = Release|Any CPU
		{FCA2D19C-E77E-4894-A115-A5E6A34451EA}.Release|Any CPU.Build.0 = Release|Any CPU
	EndGlobalSection
	GlobalSection(SolutionProperties) = preSolution
		HideSolutionNode = FALSE
	EndGlobalSection
	GlobalSection(ExtensibilityGlobals) = postSolution
		SolutionGuid = {29780C47-2044-4162-8B9D-734696E38D60}
	EndGlobalSection
EndGlobal
